// !$*UTF8*$!
{
	archiveVersion = 1;
	classes = {
	};
	objectVersion = 55;
	objects = {

/* Begin PBXBuildFile section */
		AA79B18A280AA6BA00C71269 /* ProgressView.swift in Sources */ = {isa = PBXBuildFile; fileRef = AA79B189280AA6BA00C71269 /* ProgressView.swift */; };
		AACB3B892805A36A00CF8E64 /* Reactive+Extension.swift in Sources */ = {isa = PBXBuildFile; fileRef = AACB3B882805A36A00CF8E64 /* Reactive+Extension.swift */; };
		DAB6C8262793FC6B00BAF7E6 /* CatModel.swift in Sources */ = {isa = PBXBuildFile; fileRef = DAB6C8252793FC6B00BAF7E6 /* CatModel.swift */; };
		DAB6C8282794010300BAF7E6 /* ImageCacheManager.swift in Sources */ = {isa = PBXBuildFile; fileRef = DAB6C8272794010300BAF7E6 /* ImageCacheManager.swift */; };
		DAB6C82A2794041200BAF7E6 /* ImageItem.swift in Sources */ = {isa = PBXBuildFile; fileRef = DAB6C8292794041200BAF7E6 /* ImageItem.swift */; };
		DABB3A49278EC6D300188647 /* AppDelegate.swift in Sources */ = {isa = PBXBuildFile; fileRef = DABB3A48278EC6D300188647 /* AppDelegate.swift */; };
		DABB3A4B278EC6D300188647 /* SceneDelegate.swift in Sources */ = {isa = PBXBuildFile; fileRef = DABB3A4A278EC6D300188647 /* SceneDelegate.swift */; };
		DABB3A4D278EC6D300188647 /* RandomCatViewController.swift in Sources */ = {isa = PBXBuildFile; fileRef = DABB3A4C278EC6D300188647 /* RandomCatViewController.swift */; };
		DABB3A50278EC6D300188647 /* Main.storyboard in Resources */ = {isa = PBXBuildFile; fileRef = DABB3A4E278EC6D300188647 /* Main.storyboard */; };
		DABB3A52278EC6D600188647 /* Assets.xcassets in Resources */ = {isa = PBXBuildFile; fileRef = DABB3A51278EC6D600188647 /* Assets.xcassets */; };
		DABB3A55278EC6D600188647 /* LaunchScreen.storyboard in Resources */ = {isa = PBXBuildFile; fileRef = DABB3A53278EC6D600188647 /* LaunchScreen.storyboard */; };
		DABB3A5D278EC76100188647 /* TabBarController.swift in Sources */ = {isa = PBXBuildFile; fileRef = DABB3A5C278EC76100188647 /* TabBarController.swift */; };
		DABB3A66278ECCD900188647 /* RandomCatCollectionViewCell.swift in Sources */ = {isa = PBXBuildFile; fileRef = DABB3A65278ECCD900188647 /* RandomCatCollectionViewCell.swift */; };
		DABB3A73278ED98900188647 /* DefaultRandomCatViewModel.swift in Sources */ = {isa = PBXBuildFile; fileRef = DABB3A72278ED98900188647 /* DefaultRandomCatViewModel.swift */; };
		DAC3B750278FFFA600FF9E9A /* DefaultRandomCatUseCase.swift in Sources */ = {isa = PBXBuildFile; fileRef = DAC3B74F278FFFA600FF9E9A /* DefaultRandomCatUseCase.swift */; };
		DAC3B752278FFFC200FF9E9A /* RandomCatRepository.swift in Sources */ = {isa = PBXBuildFile; fileRef = DAC3B751278FFFC200FF9E9A /* RandomCatRepository.swift */; };
		DAC3B754278FFFE000FF9E9A /* NetworkService.swift in Sources */ = {isa = PBXBuildFile; fileRef = DAC3B753278FFFE000FF9E9A /* NetworkService.swift */; };
		DAC3B7562790071F00FF9E9A /* HTTPRequest.swift in Sources */ = {isa = PBXBuildFile; fileRef = DAC3B7552790071F00FF9E9A /* HTTPRequest.swift */; };
		DAC3B7592790134300FF9E9A /* CatImageResponseDTO.swift in Sources */ = {isa = PBXBuildFile; fileRef = DAC3B7582790134300FF9E9A /* CatImageResponseDTO.swift */; };
		DAC3B75D27901AF600FF9E9A /* CatImageConstant.swift in Sources */ = {isa = PBXBuildFile; fileRef = DAC3B75C27901AF600FF9E9A /* CatImageConstant.swift */; };
		FE3E386C6CE3FBFC80CD541A /* Pods_RandomCat.framework in Frameworks */ = {isa = PBXBuildFile; fileRef = D17BCB60FA404564B53844E4 /* Pods_RandomCat.framework */; };
/* End PBXBuildFile section */

/* Begin PBXFileReference section */
		19EC53E68EDFA0CE51E2F99E /* Pods-RandomCat.release.xcconfig */ = {isa = PBXFileReference; includeInIndex = 1; lastKnownFileType = text.xcconfig; name = "Pods-RandomCat.release.xcconfig"; path = "Target Support Files/Pods-RandomCat/Pods-RandomCat.release.xcconfig"; sourceTree = "<group>"; };
		AA79B189280AA6BA00C71269 /* ProgressView.swift */ = {isa = PBXFileReference; lastKnownFileType = sourcecode.swift; path = ProgressView.swift; sourceTree = "<group>"; };
		AACB3B882805A36A00CF8E64 /* Reactive+Extension.swift */ = {isa = PBXFileReference; lastKnownFileType = sourcecode.swift; path = "Reactive+Extension.swift"; sourceTree = "<group>"; };
		C006629A599704B0457CD4BB /* Pods-RandomCat.debug.xcconfig */ = {isa = PBXFileReference; includeInIndex = 1; lastKnownFileType = text.xcconfig; name = "Pods-RandomCat.debug.xcconfig"; path = "Target Support Files/Pods-RandomCat/Pods-RandomCat.debug.xcconfig"; sourceTree = "<group>"; };
		D17BCB60FA404564B53844E4 /* Pods_RandomCat.framework */ = {isa = PBXFileReference; explicitFileType = wrapper.framework; includeInIndex = 0; path = Pods_RandomCat.framework; sourceTree = BUILT_PRODUCTS_DIR; };
		DAB6C8252793FC6B00BAF7E6 /* CatModel.swift */ = {isa = PBXFileReference; lastKnownFileType = sourcecode.swift; path = CatModel.swift; sourceTree = "<group>"; };
		DAB6C8272794010300BAF7E6 /* ImageCacheManager.swift */ = {isa = PBXFileReference; lastKnownFileType = sourcecode.swift; path = ImageCacheManager.swift; sourceTree = "<group>"; };
		DAB6C8292794041200BAF7E6 /* ImageItem.swift */ = {isa = PBXFileReference; lastKnownFileType = sourcecode.swift; path = ImageItem.swift; sourceTree = "<group>"; };
		DABB3A45278EC6D300188647 /* RandomCat.app */ = {isa = PBXFileReference; explicitFileType = wrapper.application; includeInIndex = 0; path = RandomCat.app; sourceTree = BUILT_PRODUCTS_DIR; };
		DABB3A48278EC6D300188647 /* AppDelegate.swift */ = {isa = PBXFileReference; lastKnownFileType = sourcecode.swift; path = AppDelegate.swift; sourceTree = "<group>"; };
		DABB3A4A278EC6D300188647 /* SceneDelegate.swift */ = {isa = PBXFileReference; lastKnownFileType = sourcecode.swift; path = SceneDelegate.swift; sourceTree = "<group>"; };
		DABB3A4C278EC6D300188647 /* RandomCatViewController.swift */ = {isa = PBXFileReference; lastKnownFileType = sourcecode.swift; path = RandomCatViewController.swift; sourceTree = "<group>"; };
		DABB3A4F278EC6D300188647 /* Base */ = {isa = PBXFileReference; lastKnownFileType = file.storyboard; name = Base; path = Base.lproj/Main.storyboard; sourceTree = "<group>"; };
		DABB3A51278EC6D600188647 /* Assets.xcassets */ = {isa = PBXFileReference; lastKnownFileType = folder.assetcatalog; path = Assets.xcassets; sourceTree = "<group>"; };
		DABB3A54278EC6D600188647 /* Base */ = {isa = PBXFileReference; lastKnownFileType = file.storyboard; name = Base; path = Base.lproj/LaunchScreen.storyboard; sourceTree = "<group>"; };
		DABB3A56278EC6D600188647 /* Info.plist */ = {isa = PBXFileReference; lastKnownFileType = text.plist.xml; path = Info.plist; sourceTree = "<group>"; };
		DABB3A5C278EC76100188647 /* TabBarController.swift */ = {isa = PBXFileReference; lastKnownFileType = sourcecode.swift; path = TabBarController.swift; sourceTree = "<group>"; };
		DABB3A65278ECCD900188647 /* RandomCatCollectionViewCell.swift */ = {isa = PBXFileReference; lastKnownFileType = sourcecode.swift; path = RandomCatCollectionViewCell.swift; sourceTree = "<group>"; };
		DABB3A72278ED98900188647 /* DefaultRandomCatViewModel.swift */ = {isa = PBXFileReference; lastKnownFileType = sourcecode.swift; path = DefaultRandomCatViewModel.swift; sourceTree = "<group>"; };
		DAC3B74F278FFFA600FF9E9A /* DefaultRandomCatUseCase.swift */ = {isa = PBXFileReference; lastKnownFileType = sourcecode.swift; path = DefaultRandomCatUseCase.swift; sourceTree = "<group>"; };
		DAC3B751278FFFC200FF9E9A /* RandomCatRepository.swift */ = {isa = PBXFileReference; lastKnownFileType = sourcecode.swift; path = RandomCatRepository.swift; sourceTree = "<group>"; };
		DAC3B753278FFFE000FF9E9A /* NetworkService.swift */ = {isa = PBXFileReference; lastKnownFileType = sourcecode.swift; path = NetworkService.swift; sourceTree = "<group>"; };
		DAC3B7552790071F00FF9E9A /* HTTPRequest.swift */ = {isa = PBXFileReference; lastKnownFileType = sourcecode.swift; path = HTTPRequest.swift; sourceTree = "<group>"; };
		DAC3B7582790134300FF9E9A /* CatImageResponseDTO.swift */ = {isa = PBXFileReference; lastKnownFileType = sourcecode.swift; path = CatImageResponseDTO.swift; sourceTree = "<group>"; };
		DAC3B75C27901AF600FF9E9A /* CatImageConstant.swift */ = {isa = PBXFileReference; lastKnownFileType = sourcecode.swift; path = CatImageConstant.swift; sourceTree = "<group>"; };
/* End PBXFileReference section */

/* Begin PBXFrameworksBuildPhase section */
		DABB3A42278EC6D300188647 /* Frameworks */ = {
			isa = PBXFrameworksBuildPhase;
			buildActionMask = 2147483647;
			files = (
				FE3E386C6CE3FBFC80CD541A /* Pods_RandomCat.framework in Frameworks */,
			);
			runOnlyForDeploymentPostprocessing = 0;
		};
/* End PBXFrameworksBuildPhase section */

/* Begin PBXGroup section */
		781859A6C1B03DE0D8B943CD /* Pods */ = {
			isa = PBXGroup;
			children = (
				C006629A599704B0457CD4BB /* Pods-RandomCat.debug.xcconfig */,
				19EC53E68EDFA0CE51E2F99E /* Pods-RandomCat.release.xcconfig */,
			);
			path = Pods;
			sourceTree = "<group>";
		};
		AA79B188280AA6AE00C71269 /* View */ = {
			isa = PBXGroup;
			children = (
				AA79B189280AA6BA00C71269 /* ProgressView.swift */,
			);
			path = View;
			sourceTree = "<group>";
		};
		AACB3B872805A35800CF8E64 /* Extension */ = {
			isa = PBXGroup;
			children = (
				AACB3B882805A36A00CF8E64 /* Reactive+Extension.swift */,
			);
			path = Extension;
			sourceTree = "<group>";
		};
		DABB3A3C278EC6D300188647 = {
			isa = PBXGroup;
			children = (
				DABB3A47278EC6D300188647 /* RandomCat */,
				DABB3A46278EC6D300188647 /* Products */,
				781859A6C1B03DE0D8B943CD /* Pods */,
				DBE4431150496B5E3EDD58D9 /* Frameworks */,
			);
			sourceTree = "<group>";
		};
		DABB3A46278EC6D300188647 /* Products */ = {
			isa = PBXGroup;
			children = (
				DABB3A45278EC6D300188647 /* RandomCat.app */,
			);
			name = Products;
			sourceTree = "<group>";
		};
		DABB3A47278EC6D300188647 /* RandomCat */ = {
			isa = PBXGroup;
			children = (
				DABB3A63278EC87400188647 /* Resource */,
				DAC3B75A27901A9400FF9E9A /* Utility */,
				DABB3A61278EC84F00188647 /* Domain */,
				DABB3A60278EC83200188647 /* Presentation */,
				DABB3A5F278EC82B00188647 /* Data */,
				DABB3A5E278EC7CF00188647 /* Application */,
			);
			path = RandomCat;
			sourceTree = "<group>";
		};
		DABB3A5E278EC7CF00188647 /* Application */ = {
			isa = PBXGroup;
			children = (
				DABB3A4A278EC6D300188647 /* SceneDelegate.swift */,
				DABB3A48278EC6D300188647 /* AppDelegate.swift */,
			);
			path = Application;
			sourceTree = "<group>";
		};
		DABB3A5F278EC82B00188647 /* Data */ = {
			isa = PBXGroup;
			children = (
				DAC3B74E278FFF3C00FF9E9A /* Repositories */,
				DAC3B74B278FFE8C00FF9E9A /* Network */,
			);
			path = Data;
			sourceTree = "<group>";
		};
		DABB3A60278EC83200188647 /* Presentation */ = {
			isa = PBXGroup;
			children = (
				DABB3A71278ED96800188647 /* ViewModel */,
				DABB3A64278ECCBC00188647 /* Cell */,
				DABB3A62278EC85C00188647 /* Controller */,
			);
			path = Presentation;
			sourceTree = "<group>";
		};
		DABB3A61278EC84F00188647 /* Domain */ = {
			isa = PBXGroup;
			children = (
				DAC3B74D278FFF2000FF9E9A /* Entities */,
				DAC3B74C278FFF1500FF9E9A /* UseCase */,
			);
			path = Domain;
			sourceTree = "<group>";
		};
		DABB3A62278EC85C00188647 /* Controller */ = {
			isa = PBXGroup;
			children = (
				DABB3A5C278EC76100188647 /* TabBarController.swift */,
				DABB3A4C278EC6D300188647 /* RandomCatViewController.swift */,
			);
			path = Controller;
			sourceTree = "<group>";
		};
		DABB3A63278EC87400188647 /* Resource */ = {
			isa = PBXGroup;
			children = (
				DABB3A56278EC6D600188647 /* Info.plist */,
				DABB3A51278EC6D600188647 /* Assets.xcassets */,
				DABB3A53278EC6D600188647 /* LaunchScreen.storyboard */,
				DABB3A4E278EC6D300188647 /* Main.storyboard */,
			);
			path = Resource;
			sourceTree = "<group>";
		};
		DABB3A64278ECCBC00188647 /* Cell */ = {
			isa = PBXGroup;
			children = (
				DABB3A65278ECCD900188647 /* RandomCatCollectionViewCell.swift */,
			);
			path = Cell;
			sourceTree = "<group>";
		};
		DABB3A71278ED96800188647 /* ViewModel */ = {
			isa = PBXGroup;
			children = (
				DABB3A72278ED98900188647 /* DefaultRandomCatViewModel.swift */,
			);
			path = ViewModel;
			sourceTree = "<group>";
		};
		DAC3B74B278FFE8C00FF9E9A /* Network */ = {
			isa = PBXGroup;
			children = (
				DAC3B7572790132100FF9E9A /* DataMapping */,
				DAC3B753278FFFE000FF9E9A /* NetworkService.swift */,
				DAC3B7552790071F00FF9E9A /* HTTPRequest.swift */,
				DAB6C8272794010300BAF7E6 /* ImageCacheManager.swift */,
			);
			path = Network;
			sourceTree = "<group>";
		};
		DAC3B74C278FFF1500FF9E9A /* UseCase */ = {
			isa = PBXGroup;
			children = (
				DAC3B74F278FFFA600FF9E9A /* DefaultRandomCatUseCase.swift */,
			);
			path = UseCase;
			sourceTree = "<group>";
		};
		DAC3B74D278FFF2000FF9E9A /* Entities */ = {
			isa = PBXGroup;
			children = (
				DAB6C8252793FC6B00BAF7E6 /* CatModel.swift */,
				DAB6C8292794041200BAF7E6 /* ImageItem.swift */,
			);
			path = Entities;
			sourceTree = "<group>";
		};
		DAC3B74E278FFF3C00FF9E9A /* Repositories */ = {
			isa = PBXGroup;
			children = (
				DAC3B751278FFFC200FF9E9A /* RandomCatRepository.swift */,
			);
			path = Repositories;
			sourceTree = "<group>";
		};
		DAC3B7572790132100FF9E9A /* DataMapping */ = {
			isa = PBXGroup;
			children = (
				DAC3B7582790134300FF9E9A /* CatImageResponseDTO.swift */,
			);
			path = DataMapping;
			sourceTree = "<group>";
		};
		DAC3B75A27901A9400FF9E9A /* Utility */ = {
			isa = PBXGroup;
			children = (
				AA79B188280AA6AE00C71269 /* View */,
				AACB3B872805A35800CF8E64 /* Extension */,
				DAC3B75B27901ABC00FF9E9A /* Constant */,
			);
			path = Utility;
			sourceTree = "<group>";
		};
		DAC3B75B27901ABC00FF9E9A /* Constant */ = {
			isa = PBXGroup;
			children = (
				DAC3B75C27901AF600FF9E9A /* CatImageConstant.swift */,
			);
			path = Constant;
			sourceTree = "<group>";
		};
		DBE4431150496B5E3EDD58D9 /* Frameworks */ = {
			isa = PBXGroup;
			children = (
				D17BCB60FA404564B53844E4 /* Pods_RandomCat.framework */,
			);
			name = Frameworks;
			sourceTree = "<group>";
		};
/* End PBXGroup section */

/* Begin PBXNativeTarget section */
		DABB3A44278EC6D300188647 /* RandomCat */ = {
			isa = PBXNativeTarget;
			buildConfigurationList = DABB3A59278EC6D600188647 /* Build configuration list for PBXNativeTarget "RandomCat" */;
			buildPhases = (
				FE3BEF9340E4A6164AF69DE0 /* [CP] Check Pods Manifest.lock */,
				DABB3A41278EC6D300188647 /* Sources */,
				DABB3A42278EC6D300188647 /* Frameworks */,
				DABB3A43278EC6D300188647 /* Resources */,
				AB8469E6AB261C93B030FA79 /* [CP] Embed Pods Frameworks */,
			);
			buildRules = (
			);
			dependencies = (
			);
			name = RandomCat;
			productName = RandomCat;
			productReference = DABB3A45278EC6D300188647 /* RandomCat.app */;
			productType = "com.apple.product-type.application";
		};
/* End PBXNativeTarget section */

/* Begin PBXProject section */
		DABB3A3D278EC6D300188647 /* Project object */ = {
			isa = PBXProject;
			attributes = {
				BuildIndependentTargetsInParallel = 1;
				LastSwiftUpdateCheck = 1300;
				LastUpgradeCheck = 1300;
				TargetAttributes = {
					DABB3A44278EC6D300188647 = {
						CreatedOnToolsVersion = 13.0;
					};
				};
			};
			buildConfigurationList = DABB3A40278EC6D300188647 /* Build configuration list for PBXProject "RandomCat" */;
			compatibilityVersion = "Xcode 13.0";
			developmentRegion = en;
			hasScannedForEncodings = 0;
			knownRegions = (
				en,
				Base,
			);
			mainGroup = DABB3A3C278EC6D300188647;
			productRefGroup = DABB3A46278EC6D300188647 /* Products */;
			projectDirPath = "";
			projectRoot = "";
			targets = (
				DABB3A44278EC6D300188647 /* RandomCat */,
			);
		};
/* End PBXProject section */

/* Begin PBXResourcesBuildPhase section */
		DABB3A43278EC6D300188647 /* Resources */ = {
			isa = PBXResourcesBuildPhase;
			buildActionMask = 2147483647;
			files = (
				DABB3A55278EC6D600188647 /* LaunchScreen.storyboard in Resources */,
				DABB3A52278EC6D600188647 /* Assets.xcassets in Resources */,
				DABB3A50278EC6D300188647 /* Main.storyboard in Resources */,
			);
			runOnlyForDeploymentPostprocessing = 0;
		};
/* End PBXResourcesBuildPhase section */

/* Begin PBXShellScriptBuildPhase section */
		AB8469E6AB261C93B030FA79 /* [CP] Embed Pods Frameworks */ = {
			isa = PBXShellScriptBuildPhase;
			buildActionMask = 2147483647;
			files = (
			);
			inputFileListPaths = (
				"${PODS_ROOT}/Target Support Files/Pods-RandomCat/Pods-RandomCat-frameworks-${CONFIGURATION}-input-files.xcfilelist",
			);
			name = "[CP] Embed Pods Frameworks";
			outputFileListPaths = (
				"${PODS_ROOT}/Target Support Files/Pods-RandomCat/Pods-RandomCat-frameworks-${CONFIGURATION}-output-files.xcfilelist",
			);
			runOnlyForDeploymentPostprocessing = 0;
			shellPath = /bin/sh;
			shellScript = "\"${PODS_ROOT}/Target Support Files/Pods-RandomCat/Pods-RandomCat-frameworks.sh\"\n";
			showEnvVarsInLog = 0;
		};
		FE3BEF9340E4A6164AF69DE0 /* [CP] Check Pods Manifest.lock */ = {
			isa = PBXShellScriptBuildPhase;
			buildActionMask = 2147483647;
			files = (
			);
			inputFileListPaths = (
			);
			inputPaths = (
				"${PODS_PODFILE_DIR_PATH}/Podfile.lock",
				"${PODS_ROOT}/Manifest.lock",
			);
			name = "[CP] Check Pods Manifest.lock";
			outputFileListPaths = (
			);
			outputPaths = (
				"$(DERIVED_FILE_DIR)/Pods-RandomCat-checkManifestLockResult.txt",
			);
			runOnlyForDeploymentPostprocessing = 0;
			shellPath = /bin/sh;
			shellScript = "diff \"${PODS_PODFILE_DIR_PATH}/Podfile.lock\" \"${PODS_ROOT}/Manifest.lock\" > /dev/null\nif [ $? != 0 ] ; then\n    # print error to STDERR\n    echo \"error: The sandbox is not in sync with the Podfile.lock. Run 'pod install' or update your CocoaPods installation.\" >&2\n    exit 1\nfi\n# This output is used by Xcode 'outputs' to avoid re-running this script phase.\necho \"SUCCESS\" > \"${SCRIPT_OUTPUT_FILE_0}\"\n";
			showEnvVarsInLog = 0;
		};
/* End PBXShellScriptBuildPhase section */

/* Begin PBXSourcesBuildPhase section */
		DABB3A41278EC6D300188647 /* Sources */ = {
			isa = PBXSourcesBuildPhase;
			buildActionMask = 2147483647;
			files = (
				DABB3A4D278EC6D300188647 /* RandomCatViewController.swift in Sources */,
				DAB6C8262793FC6B00BAF7E6 /* CatModel.swift in Sources */,
				DABB3A5D278EC76100188647 /* TabBarController.swift in Sources */,
				DAC3B75D27901AF600FF9E9A /* CatImageConstant.swift in Sources */,
				DABB3A73278ED98900188647 /* DefaultRandomCatViewModel.swift in Sources */,
				DAC3B750278FFFA600FF9E9A /* DefaultRandomCatUseCase.swift in Sources */,
				AA79B18A280AA6BA00C71269 /* ProgressView.swift in Sources */,
				DABB3A49278EC6D300188647 /* AppDelegate.swift in Sources */,
				DAC3B754278FFFE000FF9E9A /* NetworkService.swift in Sources */,
				DAB6C8282794010300BAF7E6 /* ImageCacheManager.swift in Sources */,
				DABB3A4B278EC6D300188647 /* SceneDelegate.swift in Sources */,
				DAC3B7562790071F00FF9E9A /* HTTPRequest.swift in Sources */,
				DABB3A66278ECCD900188647 /* RandomCatCollectionViewCell.swift in Sources */,
				DAB6C82A2794041200BAF7E6 /* ImageItem.swift in Sources */,
				DAC3B752278FFFC200FF9E9A /* RandomCatRepository.swift in Sources */,
				AACB3B892805A36A00CF8E64 /* Reactive+Extension.swift in Sources */,
				DAC3B7592790134300FF9E9A /* CatImageResponseDTO.swift in Sources */,
			);
			runOnlyForDeploymentPostprocessing = 0;
		};
/* End PBXSourcesBuildPhase section */

/* Begin PBXVariantGroup section */
		DABB3A4E278EC6D300188647 /* Main.storyboard */ = {
			isa = PBXVariantGroup;
			children = (
				DABB3A4F278EC6D300188647 /* Base */,
			);
			name = Main.storyboard;
			sourceTree = "<group>";
		};
		DABB3A53278EC6D600188647 /* LaunchScreen.storyboard */ = {
			isa = PBXVariantGroup;
			children = (
				DABB3A54278EC6D600188647 /* Base */,
			);
			name = LaunchScreen.storyboard;
			sourceTree = "<group>";
		};
/* End PBXVariantGroup section */

/* Begin XCBuildConfiguration section */
		DABB3A57278EC6D600188647 /* Debug */ = {
			isa = XCBuildConfiguration;
			buildSettings = {
				ALWAYS_SEARCH_USER_PATHS = NO;
				CLANG_ANALYZER_NONNULL = YES;
				CLANG_ANALYZER_NUMBER_OBJECT_CONVERSION = YES_AGGRESSIVE;
				CLANG_CXX_LANGUAGE_STANDARD = "gnu++17";
				CLANG_CXX_LIBRARY = "libc++";
				CLANG_ENABLE_MODULES = YES;
				CLANG_ENABLE_OBJC_ARC = YES;
				CLANG_ENABLE_OBJC_WEAK = YES;
				CLANG_WARN_BLOCK_CAPTURE_AUTORELEASING = YES;
				CLANG_WARN_BOOL_CONVERSION = YES;
				CLANG_WARN_COMMA = YES;
				CLANG_WARN_CONSTANT_CONVERSION = YES;
				CLANG_WARN_DEPRECATED_OBJC_IMPLEMENTATIONS = YES;
				CLANG_WARN_DIRECT_OBJC_ISA_USAGE = YES_ERROR;
				CLANG_WARN_DOCUMENTATION_COMMENTS = YES;
				CLANG_WARN_EMPTY_BODY = YES;
				CLANG_WARN_ENUM_CONVERSION = YES;
				CLANG_WARN_INFINITE_RECURSION = YES;
				CLANG_WARN_INT_CONVERSION = YES;
				CLANG_WARN_NON_LITERAL_NULL_CONVERSION = YES;
				CLANG_WARN_OBJC_IMPLICIT_RETAIN_SELF = YES;
				CLANG_WARN_OBJC_LITERAL_CONVERSION = YES;
				CLANG_WARN_OBJC_ROOT_CLASS = YES_ERROR;
				CLANG_WARN_QUOTED_INCLUDE_IN_FRAMEWORK_HEADER = YES;
				CLANG_WARN_RANGE_LOOP_ANALYSIS = YES;
				CLANG_WARN_STRICT_PROTOTYPES = YES;
				CLANG_WARN_SUSPICIOUS_MOVE = YES;
				CLANG_WARN_UNGUARDED_AVAILABILITY = YES_AGGRESSIVE;
				CLANG_WARN_UNREACHABLE_CODE = YES;
				CLANG_WARN__DUPLICATE_METHOD_MATCH = YES;
				COPY_PHASE_STRIP = NO;
				DEBUG_INFORMATION_FORMAT = dwarf;
				ENABLE_STRICT_OBJC_MSGSEND = YES;
				ENABLE_TESTABILITY = YES;
				GCC_C_LANGUAGE_STANDARD = gnu11;
				GCC_DYNAMIC_NO_PIC = NO;
				GCC_NO_COMMON_BLOCKS = YES;
				GCC_OPTIMIZATION_LEVEL = 0;
				GCC_PREPROCESSOR_DEFINITIONS = (
					"DEBUG=1",
					"$(inherited)",
				);
				GCC_WARN_64_TO_32_BIT_CONVERSION = YES;
				GCC_WARN_ABOUT_RETURN_TYPE = YES_ERROR;
				GCC_WARN_UNDECLARED_SELECTOR = YES;
				GCC_WARN_UNINITIALIZED_AUTOS = YES_AGGRESSIVE;
				GCC_WARN_UNUSED_FUNCTION = YES;
				GCC_WARN_UNUSED_VARIABLE = YES;
				IPHONEOS_DEPLOYMENT_TARGET = 13.0;
				MTL_ENABLE_DEBUG_INFO = INCLUDE_SOURCE;
				MTL_FAST_MATH = YES;
				ONLY_ACTIVE_ARCH = YES;
				SDKROOT = iphoneos;
				SWIFT_ACTIVE_COMPILATION_CONDITIONS = DEBUG;
				SWIFT_OPTIMIZATION_LEVEL = "-Onone";
			};
			name = Debug;
		};
		DABB3A58278EC6D600188647 /* Release */ = {
			isa = XCBuildConfiguration;
			buildSettings = {
				ALWAYS_SEARCH_USER_PATHS = NO;
				CLANG_ANALYZER_NONNULL = YES;
				CLANG_ANALYZER_NUMBER_OBJECT_CONVERSION = YES_AGGRESSIVE;
				CLANG_CXX_LANGUAGE_STANDARD = "gnu++17";
				CLANG_CXX_LIBRARY = "libc++";
				CLANG_ENABLE_MODULES = YES;
				CLANG_ENABLE_OBJC_ARC = YES;
				CLANG_ENABLE_OBJC_WEAK = YES;
				CLANG_WARN_BLOCK_CAPTURE_AUTORELEASING = YES;
				CLANG_WARN_BOOL_CONVERSION = YES;
				CLANG_WARN_COMMA = YES;
				CLANG_WARN_CONSTANT_CONVERSION = YES;
				CLANG_WARN_DEPRECATED_OBJC_IMPLEMENTATIONS = YES;
				CLANG_WARN_DIRECT_OBJC_ISA_USAGE = YES_ERROR;
				CLANG_WARN_DOCUMENTATION_COMMENTS = YES;
				CLANG_WARN_EMPTY_BODY = YES;
				CLANG_WARN_ENUM_CONVERSION = YES;
				CLANG_WARN_INFINITE_RECURSION = YES;
				CLANG_WARN_INT_CONVERSION = YES;
				CLANG_WARN_NON_LITERAL_NULL_CONVERSION = YES;
				CLANG_WARN_OBJC_IMPLICIT_RETAIN_SELF = YES;
				CLANG_WARN_OBJC_LITERAL_CONVERSION = YES;
				CLANG_WARN_OBJC_ROOT_CLASS = YES_ERROR;
				CLANG_WARN_QUOTED_INCLUDE_IN_FRAMEWORK_HEADER = YES;
				CLANG_WARN_RANGE_LOOP_ANALYSIS = YES;
				CLANG_WARN_STRICT_PROTOTYPES = YES;
				CLANG_WARN_SUSPICIOUS_MOVE = YES;
				CLANG_WARN_UNGUARDED_AVAILABILITY = YES_AGGRESSIVE;
				CLANG_WARN_UNREACHABLE_CODE = YES;
				CLANG_WARN__DUPLICATE_METHOD_MATCH = YES;
				COPY_PHASE_STRIP = NO;
				DEBUG_INFORMATION_FORMAT = "dwarf-with-dsym";
				ENABLE_NS_ASSERTIONS = NO;
				ENABLE_STRICT_OBJC_MSGSEND = YES;
				GCC_C_LANGUAGE_STANDARD = gnu11;
				GCC_NO_COMMON_BLOCKS = YES;
				GCC_WARN_64_TO_32_BIT_CONVERSION = YES;
				GCC_WARN_ABOUT_RETURN_TYPE = YES_ERROR;
				GCC_WARN_UNDECLARED_SELECTOR = YES;
				GCC_WARN_UNINITIALIZED_AUTOS = YES_AGGRESSIVE;
				GCC_WARN_UNUSED_FUNCTION = YES;
				GCC_WARN_UNUSED_VARIABLE = YES;
				IPHONEOS_DEPLOYMENT_TARGET = 13.0;
				MTL_ENABLE_DEBUG_INFO = NO;
				MTL_FAST_MATH = YES;
				SDKROOT = iphoneos;
				SWIFT_COMPILATION_MODE = wholemodule;
				SWIFT_OPTIMIZATION_LEVEL = "-O";
				VALIDATE_PRODUCT = YES;
			};
			name = Release;
		};
		DABB3A5A278EC6D600188647 /* Debug */ = {
			isa = XCBuildConfiguration;
			baseConfigurationReference = C006629A599704B0457CD4BB /* Pods-RandomCat.debug.xcconfig */;
			buildSettings = {
				ASSETCATALOG_COMPILER_APPICON_NAME = AppIcon;
				ASSETCATALOG_COMPILER_GLOBAL_ACCENT_COLOR_NAME = AccentColor;
				CODE_SIGN_STYLE = Automatic;
				CURRENT_PROJECT_VERSION = 1;
				DEVELOPMENT_TEAM = GQ4HM48H8H;
				GENERATE_INFOPLIST_FILE = YES;
				INFOPLIST_FILE = RandomCat/Resource/Info.plist;
				INFOPLIST_KEY_UIApplicationSupportsIndirectInputEvents = YES;
				INFOPLIST_KEY_UILaunchStoryboardName = LaunchScreen;
				INFOPLIST_KEY_UIMainStoryboardFile = Main;
				INFOPLIST_KEY_UISupportedInterfaceOrientations_iPad = "UIInterfaceOrientationPortrait UIInterfaceOrientationPortraitUpsideDown UIInterfaceOrientationLandscapeLeft UIInterfaceOrientationLandscapeRight";
				INFOPLIST_KEY_UISupportedInterfaceOrientations_iPhone = "UIInterfaceOrientationPortrait UIInterfaceOrientationLandscapeLeft UIInterfaceOrientationLandscapeRight";
				LD_RUNPATH_SEARCH_PATHS = (
					"$(inherited)",
					"@executable_path/Frameworks",
				);
				MARKETING_VERSION = 1.0;
				PRODUCT_BUNDLE_IDENTIFIER = ajou.minryul.RandomCat;
				PRODUCT_NAME = "$(TARGET_NAME)";
				SWIFT_EMIT_LOC_STRINGS = YES;
				SWIFT_VERSION = 5.0;
				TARGETED_DEVICE_FAMILY = "1,2";
			};
			name = Debug;
		};
		DABB3A5B278EC6D600188647 /* Release */ = {
			isa = XCBuildConfiguration;
			baseConfigurationReference = 19EC53E68EDFA0CE51E2F99E /* Pods-RandomCat.release.xcconfig */;
			buildSettings = {
				ASSETCATALOG_COMPILER_APPICON_NAME = AppIcon;
				ASSETCATALOG_COMPILER_GLOBAL_ACCENT_COLOR_NAME = AccentColor;
				CODE_SIGN_STYLE = Automatic;
				CURRENT_PROJECT_VERSION = 1;
				DEVELOPMENT_TEAM = GQ4HM48H8H;
				GENERATE_INFOPLIST_FILE = YES;
				INFOPLIST_FILE = RandomCat/Resource/Info.plist;
				INFOPLIST_KEY_UIApplicationSupportsIndirectInputEvents = YES;
				INFOPLIST_KEY_UILaunchStoryboardName = LaunchScreen;
				INFOPLIST_KEY_UIMainStoryboardFile = Main;
				INFOPLIST_KEY_UISupportedInterfaceOrientations_iPad = "UIInterfaceOrientationPortrait UIInterfaceOrientationPortraitUpsideDown UIInterfaceOrientationLandscapeLeft UIInterfaceOrientationLandscapeRight";
				INFOPLIST_KEY_UISupportedInterfaceOrientations_iPhone = "UIInterfaceOrientationPortrait UIInterfaceOrientationLandscapeLeft UIInterfaceOrientationLandscapeRight";
				LD_RUNPATH_SEARCH_PATHS = (
					"$(inherited)",
					"@executable_path/Frameworks",
				);
				MARKETING_VERSION = 1.0;
				PRODUCT_BUNDLE_IDENTIFIER = ajou.minryul.RandomCat;
				PRODUCT_NAME = "$(TARGET_NAME)";
				SWIFT_EMIT_LOC_STRINGS = YES;
				SWIFT_VERSION = 5.0;
				TARGETED_DEVICE_FAMILY = "1,2";
			};
			name = Release;
		};
/* End XCBuildConfiguration section */

/* Begin XCConfigurationList section */
		DABB3A40278EC6D300188647 /* Build configuration list for PBXProject "RandomCat" */ = {
			isa = XCConfigurationList;
			buildConfigurations = (
				DABB3A57278EC6D600188647 /* Debug */,
				DABB3A58278EC6D600188647 /* Release */,
			);
			defaultConfigurationIsVisible = 0;
			defaultConfigurationName = Release;
		};
		DABB3A59278EC6D600188647 /* Build configuration list for PBXNativeTarget "RandomCat" */ = {
			isa = XCConfigurationList;
			buildConfigurations = (
				DABB3A5A278EC6D600188647 /* Debug */,
				DABB3A5B278EC6D600188647 /* Release */,
			);
			defaultConfigurationIsVisible = 0;
			defaultConfigurationName = Release;
		};
/* End XCConfigurationList section */
	};
	rootObject = DABB3A3D278EC6D300188647 /* Project object */;
}
